
Microsoft Visual Studio Solution File, Format Version 12.00
# Visual Studio Version 16
VisualStudioVersion = 16.0.30523.141
MinimumVisualStudioVersion = 10.0.40219.1
Project("{888888A0-9F3D-457C-B088-3A5042F75D52}") = "try", "try\try.pyproj", "{B2A5D3F5-FA49-4D66-9B73-1F2598E0203C}"
EndProject
Global
	GlobalSection(SolutionConfigurationPlatforms) = preSolution
		Debug|Any CPU = Debug|Any CPU
		Release|Any CPU = Release|Any CPU
	EndGlobalSection
	GlobalSection(ProjectConfigurationPlatforms) = postSolution
		{B2A5D3F5-FA49-4D66-9B73-1F2598E0203C}.Debug|Any CPU.ActiveCfg = Debug|Any CPU
		{B2A5D3F5-FA49-4D66-9B73-1F2598E0203C}.Release|Any CPU.ActiveCfg = Release|Any CPU
	EndGlobalSection
	GlobalSection(SolutionProperties) = preSolution
		HideSolutionNode = FALSE
	EndGlobalSection
	GlobalSection(ExtensibilityGlobals) = postSolution
		SolutionGuid = {F1D4D37B-E253-425B-B85B-B903CFEC4446}
	EndGlobalSection
EndGlobal
